
Microsoft Visual Studio Solution File, Format Version 12.00
# Visual Studio Version 17
VisualStudioVersion = 17.7.34031.279
MinimumVisualStudioVersion = 10.0.40219.1
Project("{FAE04EC0-301F-11D3-BF4B-00C04F79EFBC}") = "EN", "EN\EN.csproj", "{DD6C1326-30BB-4747-9919-4415B902086E}"
EndProject
Global
	GlobalSection(SolutionConfigurationPlatforms) = preSolution
		Debug|Any CPU = Debug|Any CPU
		Release|Any CPU = Release|Any CPU
	EndGlobalSection
	GlobalSection(ProjectConfigurationPlatforms) = postSolution
		{DD6C1326-30BB-4747-9919-4415B902086E}.Debug|Any CPU.ActiveCfg = Debug|Any CPU
		{DD6C1326-30BB-4747-9919-4415B902086E}.Debug|Any CPU.Build.0 = Debug|Any CPU
		{DD6C1326-30BB-4747-9919-4415B902086E}.Release|Any CPU.ActiveCfg = Release|Any CPU
		{DD6C1326-30BB-4747-9919-4415B902086E}.Release|Any CPU.Build.0 = Release|Any CPU
	EndGlobalSection
	GlobalSection(SolutionProperties) = preSolution
		HideSolutionNode = FALSE
	EndGlobalSection
	GlobalSection(ExtensibilityGlobals) = postSolution
		SolutionGuid = {D7F7010E-3F24-4E0F-832D-FA7694B11662}
	EndGlobalSection
EndGlobal
